// !$*UTF8*$!
{
	archiveVersion = 1;
	classes = {
	};
	objectVersion = 51;
	objects = {

/* Begin PBXBuildFile section */
		081E622D04AC2E3882C0F008 /* Pods_WeatherApp_with_rx.framework in Frameworks */ = {isa = PBXBuildFile; fileRef = A7AE13769E413DADDD3C7521 /* Pods_WeatherApp_with_rx.framework */; };
		5516AAB425E9126C001604EB /* AppDelegate.swift in Sources */ = {isa = PBXBuildFile; fileRef = 5516AAB325E9126C001604EB /* AppDelegate.swift */; };
		5516AAB625E9126C001604EB /* SceneDelegate.swift in Sources */ = {isa = PBXBuildFile; fileRef = 5516AAB525E9126C001604EB /* SceneDelegate.swift */; };
		5516AAB825E9126C001604EB /* ViewController.swift in Sources */ = {isa = PBXBuildFile; fileRef = 5516AAB725E9126C001604EB /* ViewController.swift */; };
		5516AABB25E9126C001604EB /* Main.storyboard in Resources */ = {isa = PBXBuildFile; fileRef = 5516AAB925E9126C001604EB /* Main.storyboard */; };
		5516AABD25E9126C001604EB /* Assets.xcassets in Resources */ = {isa = PBXBuildFile; fileRef = 5516AABC25E9126C001604EB /* Assets.xcassets */; };
		5516AAC025E9126C001604EB /* LaunchScreen.storyboard in Resources */ = {isa = PBXBuildFile; fileRef = 5516AABE25E9126C001604EB /* LaunchScreen.storyboard */; };
		5516AACA25E915AA001604EB /* WeatherResult.swift in Sources */ = {isa = PBXBuildFile; fileRef = 5516AAC925E915AA001604EB /* WeatherResult.swift */; };
		5516AAD425E91A98001604EB /* URLRequest+Extension.swift in Sources */ = {isa = PBXBuildFile; fileRef = 5516AAD325E91A98001604EB /* URLRequest+Extension.swift */; };
/* End PBXBuildFile section */

/* Begin PBXFileReference section */
		0603C809FB709FBAA7EC58F4 /* Pods-WeatherApp with rx.release.xcconfig */ = {isa = PBXFileReference; includeInIndex = 1; lastKnownFileType = text.xcconfig; name = "Pods-WeatherApp with rx.release.xcconfig"; path = "Target Support Files/Pods-WeatherApp with rx/Pods-WeatherApp with rx.release.xcconfig"; sourceTree = "<group>"; };
		29BE98CA6E7AE3914F1A3EED /* Pods-WeatherApp with rx.debug.xcconfig */ = {isa = PBXFileReference; includeInIndex = 1; lastKnownFileType = text.xcconfig; name = "Pods-WeatherApp with rx.debug.xcconfig"; path = "Target Support Files/Pods-WeatherApp with rx/Pods-WeatherApp with rx.debug.xcconfig"; sourceTree = "<group>"; };
		5516AAB025E9126C001604EB /* WeatherApp with rx.app */ = {isa = PBXFileReference; explicitFileType = wrapper.application; includeInIndex = 0; path = "WeatherApp with rx.app"; sourceTree = BUILT_PRODUCTS_DIR; };
		5516AAB325E9126C001604EB /* AppDelegate.swift */ = {isa = PBXFileReference; lastKnownFileType = sourcecode.swift; path = AppDelegate.swift; sourceTree = "<group>"; };
		5516AAB525E9126C001604EB /* SceneDelegate.swift */ = {isa = PBXFileReference; lastKnownFileType = sourcecode.swift; path = SceneDelegate.swift; sourceTree = "<group>"; };
		5516AAB725E9126C001604EB /* ViewController.swift */ = {isa = PBXFileReference; lastKnownFileType = sourcecode.swift; path = ViewController.swift; sourceTree = "<group>"; };
		5516AABA25E9126C001604EB /* Base */ = {isa = PBXFileReference; lastKnownFileType = file.storyboard; name = Base; path = Base.lproj/Main.storyboard; sourceTree = "<group>"; };
		5516AABC25E9126C001604EB /* Assets.xcassets */ = {isa = PBXFileReference; lastKnownFileType = folder.assetcatalog; path = Assets.xcassets; sourceTree = "<group>"; };
		5516AABF25E9126C001604EB /* Base */ = {isa = PBXFileReference; lastKnownFileType = file.storyboard; name = Base; path = Base.lproj/LaunchScreen.storyboard; sourceTree = "<group>"; };
		5516AAC125E9126C001604EB /* Info.plist */ = {isa = PBXFileReference; lastKnownFileType = text.plist.xml; path = Info.plist; sourceTree = "<group>"; };
		5516AAC925E915AA001604EB /* WeatherResult.swift */ = {isa = PBXFileReference; lastKnownFileType = sourcecode.swift; path = WeatherResult.swift; sourceTree = "<group>"; };
		5516AAD325E91A98001604EB /* URLRequest+Extension.swift */ = {isa = PBXFileReference; lastKnownFileType = sourcecode.swift; path = "URLRequest+Extension.swift"; sourceTree = "<group>"; };
		A7AE13769E413DADDD3C7521 /* Pods_WeatherApp_with_rx.framework */ = {isa = PBXFileReference; explicitFileType = wrapper.framework; includeInIndex = 0; path = Pods_WeatherApp_with_rx.framework; sourceTree = BUILT_PRODUCTS_DIR; };
/* End PBXFileReference section */

/* Begin PBXFrameworksBuildPhase section */
		5516AAAD25E9126C001604EB /* Frameworks */ = {
			isa = PBXFrameworksBuildPhase;
			buildActionMask = 2147483647;
			files = (
				081E622D04AC2E3882C0F008 /* Pods_WeatherApp_with_rx.framework in Frameworks */,
			);
			runOnlyForDeploymentPostprocessing = 0;
		};
/* End PBXFrameworksBuildPhase section */

/* Begin PBXGroup section */
		5516AAA725E9126B001604EB = {
			isa = PBXGroup;
			children = (
				5516AAB225E9126C001604EB /* WeatherApp with rx */,
				5516AAB125E9126C001604EB /* Products */,
				B8476D3868A9C39CDD133D98 /* Pods */,
				9166B567386CA00B4841605C /* Frameworks */,
			);
			sourceTree = "<group>";
		};
		5516AAB125E9126C001604EB /* Products */ = {
			isa = PBXGroup;
			children = (
				5516AAB025E9126C001604EB /* WeatherApp with rx.app */,
			);
			name = Products;
			sourceTree = "<group>";
		};
		5516AAB225E9126C001604EB /* WeatherApp with rx */ = {
			isa = PBXGroup;
			children = (
				5516AAD225E91A83001604EB /* Extensions */,
				5516AAC825E91589001604EB /* Models */,
				5516AAB325E9126C001604EB /* AppDelegate.swift */,
				5516AAB525E9126C001604EB /* SceneDelegate.swift */,
				5516AAB725E9126C001604EB /* ViewController.swift */,
				5516AAB925E9126C001604EB /* Main.storyboard */,
				5516AABC25E9126C001604EB /* Assets.xcassets */,
				5516AABE25E9126C001604EB /* LaunchScreen.storyboard */,
				5516AAC125E9126C001604EB /* Info.plist */,
			);
			path = "WeatherApp with rx";
			sourceTree = "<group>";
		};
		5516AAC825E91589001604EB /* Models */ = {
			isa = PBXGroup;
			children = (
				5516AAC925E915AA001604EB /* WeatherResult.swift */,
			);
			path = Models;
			sourceTree = "<group>";
		};
		5516AAD225E91A83001604EB /* Extensions */ = {
			isa = PBXGroup;
			children = (
				5516AAD325E91A98001604EB /* URLRequest+Extension.swift */,
			);
			path = Extensions;
			sourceTree = "<group>";
		};
		9166B567386CA00B4841605C /* Frameworks */ = {
			isa = PBXGroup;
			children = (
				A7AE13769E413DADDD3C7521 /* Pods_WeatherApp_with_rx.framework */,
			);
			name = Frameworks;
			sourceTree = "<group>";
		};
		B8476D3868A9C39CDD133D98 /* Pods */ = {
			isa = PBXGroup;
			children = (
				29BE98CA6E7AE3914F1A3EED /* Pods-WeatherApp with rx.debug.xcconfig */,
				0603C809FB709FBAA7EC58F4 /* Pods-WeatherApp with rx.release.xcconfig */,
			);
			path = Pods;
			sourceTree = "<group>";
		};
/* End PBXGroup section */

/* Begin PBXNativeTarget section */
		5516AAAF25E9126C001604EB /* WeatherApp with rx */ = {
			isa = PBXNativeTarget;
			buildConfigurationList = 5516AAC425E9126C001604EB /* Build configuration list for PBXNativeTarget "WeatherApp with rx" */;
			buildPhases = (
				693DF2E0012B7A526561A9F1 /* [CP] Check Pods Manifest.lock */,
				5516AAAC25E9126C001604EB /* Sources */,
				5516AAAD25E9126C001604EB /* Frameworks */,
				5516AAAE25E9126C001604EB /* Resources */,
				EE9878351269DEDAD33CB0C0 /* [CP] Embed Pods Frameworks */,
			);
			buildRules = (
			);
			dependencies = (
			);
			name = "WeatherApp with rx";
			productName = "WeatherApp with rx";
			productReference = 5516AAB025E9126C001604EB /* WeatherApp with rx.app */;
			productType = "com.apple.product-type.application";
		};
/* End PBXNativeTarget section */

/* Begin PBXProject section */
		5516AAA825E9126B001604EB /* Project object */ = {
			isa = PBXProject;
			attributes = {
				LastSwiftUpdateCheck = 1220;
				LastUpgradeCheck = 1220;
				TargetAttributes = {
					5516AAAF25E9126C001604EB = {
						CreatedOnToolsVersion = 12.2;
					};
				};
			};
			buildConfigurationList = 5516AAAB25E9126B001604EB /* Build configuration list for PBXProject "WeatherApp with rx" */;
			compatibilityVersion = "Xcode 9.3";
			developmentRegion = en;
			hasScannedForEncodings = 0;
			knownRegions = (
				en,
				Base,
			);
			mainGroup = 5516AAA725E9126B001604EB;
			productRefGroup = 5516AAB125E9126C001604EB /* Products */;
			projectDirPath = "";
			projectRoot = "";
			targets = (
				5516AAAF25E9126C001604EB /* WeatherApp with rx */,
			);
		};
/* End PBXProject section */

/* Begin PBXResourcesBuildPhase section */
		5516AAAE25E9126C001604EB /* Resources */ = {
			isa = PBXResourcesBuildPhase;
			buildActionMask = 2147483647;
			files = (
				5516AAC025E9126C001604EB /* LaunchScreen.storyboard in Resources */,
				5516AABD25E9126C001604EB /* Assets.xcassets in Resources */,
				5516AABB25E9126C001604EB /* Main.storyboard in Resources */,
			);
			runOnlyForDeploymentPostprocessing = 0;
		};
/* End PBXResourcesBuildPhase section */

/* Begin PBXShellScriptBuildPhase section */
		693DF2E0012B7A526561A9F1 /* [CP] Check Pods Manifest.lock */ = {
			isa = PBXShellScriptBuildPhase;
			buildActionMask = 2147483647;
			files = (
			);
			inputFileListPaths = (
			);
			inputPaths = (
				"${PODS_PODFILE_DIR_PATH}/Podfile.lock",
				"${PODS_ROOT}/Manifest.lock",
			);
			name = "[CP] Check Pods Manifest.lock";
			outputFileListPaths = (
			);
			outputPaths = (
				"$(DERIVED_FILE_DIR)/Pods-WeatherApp with rx-checkManifestLockResult.txt",
			);
			runOnlyForDeploymentPostprocessing = 0;
			shellPath = /bin/sh;
			shellScript = "diff \"${PODS_PODFILE_DIR_PATH}/Podfile.lock\" \"${PODS_ROOT}/Manifest.lock\" > /dev/null\nif [ $? != 0 ] ; then\n    # print error to STDERR\n    echo \"error: The sandbox is not in sync with the Podfile.lock. Run 'pod install' or update your CocoaPods installation.\" >&2\n    exit 1\nfi\n# This output is used by Xcode 'outputs' to avoid re-running this script phase.\necho \"SUCCESS\" > \"${SCRIPT_OUTPUT_FILE_0}\"\n";
			showEnvVarsInLog = 0;
		};
		EE9878351269DEDAD33CB0C0 /* [CP] Embed Pods Frameworks */ = {
			isa = PBXShellScriptBuildPhase;
			buildActionMask = 2147483647;
			files = (
			);
			inputFileListPaths = (
				"${PODS_ROOT}/Target Support Files/Pods-WeatherApp with rx/Pods-WeatherApp with rx-frameworks-${CONFIGURATION}-input-files.xcfilelist",
			);
			name = "[CP] Embed Pods Frameworks";
			outputFileListPaths = (
				"${PODS_ROOT}/Target Support Files/Pods-WeatherApp with rx/Pods-WeatherApp with rx-frameworks-${CONFIGURATION}-output-files.xcfilelist",
			);
			runOnlyForDeploymentPostprocessing = 0;
			shellPath = /bin/sh;
			shellScript = "\"${PODS_ROOT}/Target Support Files/Pods-WeatherApp with rx/Pods-WeatherApp with rx-frameworks.sh\"\n";
			showEnvVarsInLog = 0;
		};
/* End PBXShellScriptBuildPhase section */

/* Begin PBXSourcesBuildPhase section */
		5516AAAC25E9126C001604EB /* Sources */ = {
			isa = PBXSourcesBuildPhase;
			buildActionMask = 2147483647;
			files = (
				5516AAD425E91A98001604EB /* URLRequest+Extension.swift in Sources */,
				5516AAB825E9126C001604EB /* ViewController.swift in Sources */,
				5516AACA25E915AA001604EB /* WeatherResult.swift in Sources */,
				5516AAB425E9126C001604EB /* AppDelegate.swift in Sources */,
				5516AAB625E9126C001604EB /* SceneDelegate.swift in Sources */,
			);
			runOnlyForDeploymentPostprocessing = 0;
		};
/* End PBXSourcesBuildPhase section */

/* Begin PBXVariantGroup section */
		5516AAB925E9126C001604EB /* Main.storyboard */ = {
			isa = PBXVariantGroup;
			children = (
				5516AABA25E9126C001604EB /* Base */,
			);
			name = Main.storyboard;
			sourceTree = "<group>";
		};
		5516AABE25E9126C001604EB /* LaunchScreen.storyboard */ = {
			isa = PBXVariantGroup;
			children = (
				5516AABF25E9126C001604EB /* Base */,
			);
			name = LaunchScreen.storyboard;
			sourceTree = "<group>";
		};
/* End PBXVariantGroup section */

/* Begin XCBuildConfiguration section */
		5516AAC225E9126C001604EB /* Debug */ = {
			isa = XCBuildConfiguration;
			buildSettings = {
				ALWAYS_SEARCH_USER_PATHS = NO;
				CLANG_ANALYZER_NONNULL = YES;
				CLANG_ANALYZER_NUMBER_OBJECT_CONVERSION = YES_AGGRESSIVE;
				CLANG_CXX_LANGUAGE_STANDARD = "gnu++14";
				CLANG_CXX_LIBRARY = "libc++";
				CLANG_ENABLE_MODULES = YES;
				CLANG_ENABLE_OBJC_ARC = YES;
				CLANG_ENABLE_OBJC_WEAK = YES;
				CLANG_WARN_BLOCK_CAPTURE_AUTORELEASING = YES;
				CLANG_WARN_BOOL_CONVERSION = YES;
				CLANG_WARN_COMMA = YES;
				CLANG_WARN_CONSTANT_CONVERSION = YES;
				CLANG_WARN_DEPRECATED_OBJC_IMPLEMENTATIONS = YES;
				CLANG_WARN_DIRECT_OBJC_ISA_USAGE = YES_ERROR;
				CLANG_WARN_DOCUMENTATION_COMMENTS = YES;
				CLANG_WARN_EMPTY_BODY = YES;
				CLANG_WARN_ENUM_CONVERSION = YES;
				CLANG_WARN_INFINITE_RECURSION = YES;
				CLANG_WARN_INT_CONVERSION = YES;
				CLANG_WARN_NON_LITERAL_NULL_CONVERSION = YES;
				CLANG_WARN_OBJC_IMPLICIT_RETAIN_SELF = YES;
				CLANG_WARN_OBJC_LITERAL_CONVERSION = YES;
				CLANG_WARN_OBJC_ROOT_CLASS = YES_ERROR;
				CLANG_WARN_QUOTED_INCLUDE_IN_FRAMEWORK_HEADER = YES;
				CLANG_WARN_RANGE_LOOP_ANALYSIS = YES;
				CLANG_WARN_STRICT_PROTOTYPES = YES;
				CLANG_WARN_SUSPICIOUS_MOVE = YES;
				CLANG_WARN_UNGUARDED_AVAILABILITY = YES_AGGRESSIVE;
				CLANG_WARN_UNREACHABLE_CODE = YES;
				CLANG_WARN__DUPLICATE_METHOD_MATCH = YES;
				COPY_PHASE_STRIP = NO;
				DEBUG_INFORMATION_FORMAT = dwarf;
				ENABLE_STRICT_OBJC_MSGSEND = YES;
				ENABLE_TESTABILITY = YES;
				GCC_C_LANGUAGE_STANDARD = gnu11;
				GCC_DYNAMIC_NO_PIC = NO;
				GCC_NO_COMMON_BLOCKS = YES;
				GCC_OPTIMIZATION_LEVEL = 0;
				GCC_PREPROCESSOR_DEFINITIONS = (
					"DEBUG=1",
					"$(inherited)",
				);
				GCC_WARN_64_TO_32_BIT_CONVERSION = YES;
				GCC_WARN_ABOUT_RETURN_TYPE = YES_ERROR;
				GCC_WARN_UNDECLARED_SELECTOR = YES;
				GCC_WARN_UNINITIALIZED_AUTOS = YES_AGGRESSIVE;
				GCC_WARN_UNUSED_FUNCTION = YES;
				GCC_WARN_UNUSED_VARIABLE = YES;
				IPHONEOS_DEPLOYMENT_TARGET = 14.2;
				MTL_ENABLE_DEBUG_INFO = INCLUDE_SOURCE;
				MTL_FAST_MATH = YES;
				ONLY_ACTIVE_ARCH = YES;
				SDKROOT = iphoneos;
				SWIFT_ACTIVE_COMPILATION_CONDITIONS = DEBUG;
				SWIFT_OPTIMIZATION_LEVEL = "-Onone";
			};
			name = Debug;
		};
		5516AAC325E9126C001604EB /* Release */ = {
			isa = XCBuildConfiguration;
			buildSettings = {
				ALWAYS_SEARCH_USER_PATHS = NO;
				CLANG_ANALYZER_NONNULL = YES;
				CLANG_ANALYZER_NUMBER_OBJECT_CONVERSION = YES_AGGRESSIVE;
				CLANG_CXX_LANGUAGE_STANDARD = "gnu++14";
				CLANG_CXX_LIBRARY = "libc++";
				CLANG_ENABLE_MODULES = YES;
				CLANG_ENABLE_OBJC_ARC = YES;
				CLANG_ENABLE_OBJC_WEAK = YES;
				CLANG_WARN_BLOCK_CAPTURE_AUTORELEASING = YES;
				CLANG_WARN_BOOL_CONVERSION = YES;
				CLANG_WARN_COMMA = YES;
				CLANG_WARN_CONSTANT_CONVERSION = YES;
				CLANG_WARN_DEPRECATED_OBJC_IMPLEMENTATIONS = YES;
				CLANG_WARN_DIRECT_OBJC_ISA_USAGE = YES_ERROR;
				CLANG_WARN_DOCUMENTATION_COMMENTS = YES;
				CLANG_WARN_EMPTY_BODY = YES;
				CLANG_WARN_ENUM_CONVERSION = YES;
				CLANG_WARN_INFINITE_RECURSION = YES;
				CLANG_WARN_INT_CONVERSION = YES;
				CLANG_WARN_NON_LITERAL_NULL_CONVERSION = YES;
				CLANG_WARN_OBJC_IMPLICIT_RETAIN_SELF = YES;
				CLANG_WARN_OBJC_LITERAL_CONVERSION = YES;
				CLANG_WARN_OBJC_ROOT_CLASS = YES_ERROR;
				CLANG_WARN_QUOTED_INCLUDE_IN_FRAMEWORK_HEADER = YES;
				CLANG_WARN_RANGE_LOOP_ANALYSIS = YES;
				CLANG_WARN_STRICT_PROTOTYPES = YES;
				CLANG_WARN_SUSPICIOUS_MOVE = YES;
				CLANG_WARN_UNGUARDED_AVAILABILITY = YES_AGGRESSIVE;
				CLANG_WARN_UNREACHABLE_CODE = YES;
				CLANG_WARN__DUPLICATE_METHOD_MATCH = YES;
				COPY_PHASE_STRIP = NO;
				DEBUG_INFORMATION_FORMAT = "dwarf-with-dsym";
				ENABLE_NS_ASSERTIONS = NO;
				ENABLE_STRICT_OBJC_MSGSEND = YES;
				GCC_C_LANGUAGE_STANDARD = gnu11;
				GCC_NO_COMMON_BLOCKS = YES;
				GCC_WARN_64_TO_32_BIT_CONVERSION = YES;
				GCC_WARN_ABOUT_RETURN_TYPE = YES_ERROR;
				GCC_WARN_UNDECLARED_SELECTOR = YES;
				GCC_WARN_UNINITIALIZED_AUTOS = YES_AGGRESSIVE;
				GCC_WARN_UNUSED_FUNCTION = YES;
				GCC_WARN_UNUSED_VARIABLE = YES;
				IPHONEOS_DEPLOYMENT_TARGET = 14.2;
				MTL_ENABLE_DEBUG_INFO = NO;
				MTL_FAST_MATH = YES;
				SDKROOT = iphoneos;
				SWIFT_COMPILATION_MODE = wholemodule;
				SWIFT_OPTIMIZATION_LEVEL = "-O";
				VALIDATE_PRODUCT = YES;
			};
			name = Release;
		};
		5516AAC525E9126C001604EB /* Debug */ = {
			isa = XCBuildConfiguration;
			baseConfigurationReference = 29BE98CA6E7AE3914F1A3EED /* Pods-WeatherApp with rx.debug.xcconfig */;
			buildSettings = {
				ASSETCATALOG_COMPILER_APPICON_NAME = AppIcon;
				ASSETCATALOG_COMPILER_GLOBAL_ACCENT_COLOR_NAME = AccentColor;
				CODE_SIGN_STYLE = Automatic;
				DEVELOPMENT_TEAM = 68F942NMT8;
				INFOPLIST_FILE = "WeatherApp with rx/Info.plist";
				LD_RUNPATH_SEARCH_PATHS = (
					"$(inherited)",
					"@executable_path/Frameworks",
				);
				PRODUCT_BUNDLE_IDENTIFIER = "com.kairzhan.WeatherApp-with-rx";
				PRODUCT_NAME = "$(TARGET_NAME)";
				SWIFT_VERSION = 5.0;
				TARGETED_DEVICE_FAMILY = "1,2";
			};
			name = Debug;
		};
		5516AAC625E9126C001604EB /* Release */ = {
			isa = XCBuildConfiguration;
			baseConfigurationReference = 0603C809FB709FBAA7EC58F4 /* Pods-WeatherApp with rx.release.xcconfig */;
			buildSettings = {
				ASSETCATALOG_COMPILER_APPICON_NAME = AppIcon;
				ASSETCATALOG_COMPILER_GLOBAL_ACCENT_COLOR_NAME = AccentColor;
				CODE_SIGN_STYLE = Automatic;
				DEVELOPMENT_TEAM = 68F942NMT8;
				INFOPLIST_FILE = "WeatherApp with rx/Info.plist";
				LD_RUNPATH_SEARCH_PATHS = (
					"$(inherited)",
					"@executable_path/Frameworks",
				);
				PRODUCT_BUNDLE_IDENTIFIER = "com.kairzhan.WeatherApp-with-rx";
				PRODUCT_NAME = "$(TARGET_NAME)";
				SWIFT_VERSION = 5.0;
				TARGETED_DEVICE_FAMILY = "1,2";
			};
			name = Release;
		};
/* End XCBuildConfiguration section */

/* Begin XCConfigurationList section */
		5516AAAB25E9126B001604EB /* Build configuration list for PBXProject "WeatherApp with rx" */ = {
			isa = XCConfigurationList;
			buildConfigurations = (
				5516AAC225E9126C001604EB /* Debug */,
				5516AAC325E9126C001604EB /* Release */,
			);
			defaultConfigurationIsVisible = 0;
			defaultConfigurationName = Release;
		};
		5516AAC425E9126C001604EB /* Build configuration list for PBXNativeTarget "WeatherApp with rx" */ = {
			isa = XCConfigurationList;
			buildConfigurations = (
				5516AAC525E9126C001604EB /* Debug */,
				5516AAC625E9126C001604EB /* Release */,
			);
			defaultConfigurationIsVisible = 0;
			defaultConfigurationName = Release;
		};
/* End XCConfigurationList section */
	};
	rootObject = 5516AAA825E9126B001604EB /* Project object */;
}
